// !$*UTF8*$!
{
	archiveVersion = 1;
	classes = {
	};
	objectVersion = 46;
	objects = {

/* Begin PBXBuildFile section */
		EE2E7B821EDAA44200F78882 /* CCMusicScoreModule.h in Headers */ = {isa = PBXBuildFile; fileRef = EE2E7B801EDAA44200F78882 /* CCMusicScoreModule.h */; settings = {ATTRIBUTES = (Public, ); }; };
		EE2E7B8C1EDAA4EA00F78882 /* Media.xcassets in Resources */ = {isa = PBXBuildFile; fileRef = EE2E7B8B1EDAA4EA00F78882 /* Media.xcassets */; };
		EE2E7B8E1EDAA66000F78882 /* CCNoteView.xib in Resources */ = {isa = PBXBuildFile; fileRef = EE2E7B8D1EDAA66000F78882 /* CCNoteView.xib */; };
		EE2E7B901EDAA67F00F78882 /* CCNoteView.swift in Sources */ = {isa = PBXBuildFile; fileRef = EE2E7B8F1EDAA67F00F78882 /* CCNoteView.swift */; };
		EE996EB51EDD2E1900E59BE8 /* CCPianoUtilsModule.framework in Frameworks */ = {isa = PBXBuildFile; fileRef = EE996EB41EDD2E1900E59BE8 /* CCPianoUtilsModule.framework */; };
/* End PBXBuildFile section */

/* Begin PBXFileReference section */
		EE2E7B7D1EDAA44200F78882 /* CCMusicScoreModule.framework */ = {isa = PBXFileReference; explicitFileType = wrapper.framework; includeInIndex = 0; path = CCMusicScoreModule.framework; sourceTree = BUILT_PRODUCTS_DIR; };
		EE2E7B801EDAA44200F78882 /* CCMusicScoreModule.h */ = {isa = PBXFileReference; lastKnownFileType = sourcecode.c.h; path = CCMusicScoreModule.h; sourceTree = "<group>"; };
		EE2E7B811EDAA44200F78882 /* Info.plist */ = {isa = PBXFileReference; lastKnownFileType = text.plist.xml; path = Info.plist; sourceTree = "<group>"; };
		EE2E7B8B1EDAA4EA00F78882 /* Media.xcassets */ = {isa = PBXFileReference; lastKnownFileType = folder.assetcatalog; path = Media.xcassets; sourceTree = "<group>"; };
		EE2E7B8D1EDAA66000F78882 /* CCNoteView.xib */ = {isa = PBXFileReference; fileEncoding = 4; lastKnownFileType = file.xib; path = CCNoteView.xib; sourceTree = "<group>"; };
		EE2E7B8F1EDAA67F00F78882 /* CCNoteView.swift */ = {isa = PBXFileReference; fileEncoding = 4; lastKnownFileType = sourcecode.swift; path = CCNoteView.swift; sourceTree = "<group>"; };
		EE996EB41EDD2E1900E59BE8 /* CCPianoUtilsModule.framework */ = {isa = PBXFileReference; lastKnownFileType = wrapper.framework; name = CCPianoUtilsModule.framework; path = "../CCPianoUtilsModule/build/Debug-iphoneos/CCPianoUtilsModule.framework"; sourceTree = "<group>"; };
/* End PBXFileReference section */

/* Begin PBXFrameworksBuildPhase section */
		EE2E7B791EDAA44200F78882 /* Frameworks */ = {
			isa = PBXFrameworksBuildPhase;
			buildActionMask = 2147483647;
			files = (
				EE996EB51EDD2E1900E59BE8 /* CCPianoUtilsModule.framework in Frameworks */,
			);
			runOnlyForDeploymentPostprocessing = 0;
		};
/* End PBXFrameworksBuildPhase section */

/* Begin PBXGroup section */
		EE2E7B731EDAA44200F78882 = {
			isa = PBXGroup;
			children = (
				EE2E7B7F1EDAA44200F78882 /* CCMusicScoreModule */,
				EE2E7B7E1EDAA44200F78882 /* Products */,
				EE996EB31EDD2E1900E59BE8 /* Frameworks */,
			);
			sourceTree = "<group>";
		};
		EE2E7B7E1EDAA44200F78882 /* Products */ = {
			isa = PBXGroup;
			children = (
				EE2E7B7D1EDAA44200F78882 /* CCMusicScoreModule.framework */,
			);
			name = Products;
			sourceTree = "<group>";
		};
		EE2E7B7F1EDAA44200F78882 /* CCMusicScoreModule */ = {
			isa = PBXGroup;
			children = (
				EE2E7B801EDAA44200F78882 /* CCMusicScoreModule.h */,
				EE2E7B8F1EDAA67F00F78882 /* CCNoteView.swift */,
				EE2E7B8D1EDAA66000F78882 /* CCNoteView.xib */,
				EE2E7B811EDAA44200F78882 /* Info.plist */,
				EE2E7B8B1EDAA4EA00F78882 /* Media.xcassets */,
			);
			path = CCMusicScoreModule;
			sourceTree = "<group>";
		};
		EE996EB31EDD2E1900E59BE8 /* Frameworks */ = {
			isa = PBXGroup;
			children = (
				EE996EB41EDD2E1900E59BE8 /* CCPianoUtilsModule.framework */,
			);
			name = Frameworks;
			sourceTree = "<group>";
		};
/* End PBXGroup section */

/* Begin PBXHeadersBuildPhase section */
		EE2E7B7A1EDAA44200F78882 /* Headers */ = {
			isa = PBXHeadersBuildPhase;
			buildActionMask = 2147483647;
			files = (
				EE2E7B821EDAA44200F78882 /* CCMusicScoreModule.h in Headers */,
			);
			runOnlyForDeploymentPostprocessing = 0;
		};
/* End PBXHeadersBuildPhase section */

/* Begin PBXNativeTarget section */
		EE2E7B7C1EDAA44200F78882 /* CCMusicScoreModule */ = {
			isa = PBXNativeTarget;
			buildConfigurationList = EE2E7B851EDAA44200F78882 /* Build configuration list for PBXNativeTarget "CCMusicScoreModule" */;
			buildPhases = (
				EE2E7B781EDAA44200F78882 /* Sources */,
				EE2E7B791EDAA44200F78882 /* Frameworks */,
				EE2E7B7A1EDAA44200F78882 /* Headers */,
				EE2E7B7B1EDAA44200F78882 /* Resources */,
			);
			buildRules = (
			);
			dependencies = (
			);
			name = CCMusicScoreModule;
			productName = CCMusicScoreModule;
			productReference = EE2E7B7D1EDAA44200F78882 /* CCMusicScoreModule.framework */;
			productType = "com.apple.product-type.framework";
		};
/* End PBXNativeTarget section */

/* Begin PBXProject section */
		EE2E7B741EDAA44200F78882 /* Project object */ = {
			isa = PBXProject;
			attributes = {
				LastUpgradeCheck = 1010;
				ORGANIZATIONNAME = "Calin Chitu";
				TargetAttributes = {
					EE2E7B7C1EDAA44200F78882 = {
						CreatedOnToolsVersion = 8.3.2;
						DevelopmentTeam = 3Y898X53X4;
						LastSwiftMigration = 1010;
						ProvisioningStyle = Automatic;
					};
				};
			};
			buildConfigurationList = EE2E7B771EDAA44200F78882 /* Build configuration list for PBXProject "CCMusicScoreModule" */;
			compatibilityVersion = "Xcode 3.2";
			developmentRegion = English;
			hasScannedForEncodings = 0;
			knownRegions = (
				en,
			);
			mainGroup = EE2E7B731EDAA44200F78882;
			productRefGroup = EE2E7B7E1EDAA44200F78882 /* Products */;
			projectDirPath = "";
			projectRoot = "";
			targets = (
				EE2E7B7C1EDAA44200F78882 /* CCMusicScoreModule */,
			);
		};
/* End PBXProject section */

/* Begin PBXResourcesBuildPhase section */
		EE2E7B7B1EDAA44200F78882 /* Resources */ = {
			isa = PBXResourcesBuildPhase;
			buildActionMask = 2147483647;
			files = (
				EE2E7B8E1EDAA66000F78882 /* CCNoteView.xib in Resources */,
				EE2E7B8C1EDAA4EA00F78882 /* Media.xcassets in Resources */,
			);
			runOnlyForDeploymentPostprocessing = 0;
		};
/* End PBXResourcesBuildPhase section */

/* Begin PBXSourcesBuildPhase section */
		EE2E7B781EDAA44200F78882 /* Sources */ = {
			isa = PBXSourcesBuildPhase;
			buildActionMask = 2147483647;
			files = (
				EE2E7B901EDAA67F00F78882 /* CCNoteView.swift in Sources */,
			);
			runOnlyForDeploymentPostprocessing = 0;
		};
/* End PBXSourcesBuildPhase section */

/* Begin XCBuildConfiguration section */
		EE2E7B831EDAA44200F78882 /* Debug */ = {
			isa = XCBuildConfiguration;
			buildSettings = {
				ALWAYS_SEARCH_USER_PATHS = NO;
				CLANG_ANALYZER_NONNULL = YES;
				CLANG_ANALYZER_NUMBER_OBJECT_CONVERSION = YES_AGGRESSIVE;
				CLANG_CXX_LANGUAGE_STANDARD = "gnu++0x";
				CLANG_CXX_LIBRARY = "libc++";
				CLANG_ENABLE_MODULES = YES;
				CLANG_ENABLE_OBJC_ARC = YES;
				CLANG_WARN_BLOCK_CAPTURE_AUTORELEASING = YES;
				CLANG_WARN_BOOL_CONVERSION = YES;
				CLANG_WARN_COMMA = YES;
				CLANG_WARN_CONSTANT_CONVERSION = YES;
				CLANG_WARN_DEPRECATED_OBJC_IMPLEMENTATIONS = YES;
				CLANG_WARN_DIRECT_OBJC_ISA_USAGE = YES_ERROR;
				CLANG_WARN_DOCUMENTATION_COMMENTS = YES;
				CLANG_WARN_EMPTY_BODY = YES;
				CLANG_WARN_ENUM_CONVERSION = YES;
				CLANG_WARN_INFINITE_RECURSION = YES;
				CLANG_WARN_INT_CONVERSION = YES;
				CLANG_WARN_NON_LITERAL_NULL_CONVERSION = YES;
				CLANG_WARN_OBJC_IMPLICIT_RETAIN_SELF = YES;
				CLANG_WARN_OBJC_LITERAL_CONVERSION = YES;
				CLANG_WARN_OBJC_ROOT_CLASS = YES_ERROR;
				CLANG_WARN_RANGE_LOOP_ANALYSIS = YES;
				CLANG_WARN_STRICT_PROTOTYPES = YES;
				CLANG_WARN_SUSPICIOUS_MOVE = YES;
				CLANG_WARN_UNREACHABLE_CODE = YES;
				CLANG_WARN__DUPLICATE_METHOD_MATCH = YES;
				"CODE_SIGN_IDENTITY[sdk=iphoneos*]" = "iPhone Developer";
				COPY_PHASE_STRIP = NO;
				CURRENT_PROJECT_VERSION = 1;
				DEBUG_INFORMATION_FORMAT = dwarf;
				ENABLE_STRICT_OBJC_MSGSEND = YES;
				ENABLE_TESTABILITY = YES;
				GCC_C_LANGUAGE_STANDARD = gnu99;
				GCC_DYNAMIC_NO_PIC = NO;
				GCC_NO_COMMON_BLOCKS = YES;
				GCC_OPTIMIZATION_LEVEL = 0;
				GCC_PREPROCESSOR_DEFINITIONS = (
					"DEBUG=1",
					"$(inherited)",
				);
				GCC_WARN_64_TO_32_BIT_CONVERSION = YES;
				GCC_WARN_ABOUT_RETURN_TYPE = YES_ERROR;
				GCC_WARN_UNDECLARED_SELECTOR = YES;
				GCC_WARN_UNINITIALIZED_AUTOS = YES_AGGRESSIVE;
				GCC_WARN_UNUSED_FUNCTION = YES;
				GCC_WARN_UNUSED_VARIABLE = YES;
				IPHONEOS_DEPLOYMENT_TARGET = 10.3;
				MTL_ENABLE_DEBUG_INFO = YES;
				ONLY_ACTIVE_ARCH = YES;
				SDKROOT = iphoneos;
				SWIFT_ACTIVE_COMPILATION_CONDITIONS = DEBUG;
				SWIFT_OPTIMIZATION_LEVEL = "-Onone";
				TARGETED_DEVICE_FAMILY = "1,2";
				VERSIONING_SYSTEM = "apple-generic";
				VERSION_INFO_PREFIX = "";
			};
			name = Debug;
		};
		EE2E7B841EDAA44200F78882 /* Release */ = {
			isa = XCBuildConfiguration;
			buildSettings = {
				ALWAYS_SEARCH_USER_PATHS = NO;
				CLANG_ANALYZER_NONNULL = YES;
				CLANG_ANALYZER_NUMBER_OBJECT_CONVERSION = YES_AGGRESSIVE;
				CLANG_CXX_LANGUAGE_STANDARD = "gnu++0x";
				CLANG_CXX_LIBRARY = "libc++";
				CLANG_ENABLE_MODULES = YES;
				CLANG_ENABLE_OBJC_ARC = YES;
				CLANG_WARN_BLOCK_CAPTURE_AUTORELEASING = YES;
				CLANG_WARN_BOOL_CONVERSION = YES;
				CLANG_WARN_COMMA = YES;
				CLANG_WARN_CONSTANT_CONVERSION = YES;
				CLANG_WARN_DEPRECATED_OBJC_IMPLEMENTATIONS = YES;
				CLANG_WARN_DIRECT_OBJC_ISA_USAGE = YES_ERROR;
				CLANG_WARN_DOCUMENTATION_COMMENTS = YES;
				CLANG_WARN_EMPTY_BODY = YES;
				CLANG_WARN_ENUM_CONVERSION = YES;
				CLANG_WARN_INFINITE_RECURSION = YES;
				CLANG_WARN_INT_CONVERSION = YES;
				CLANG_WARN_NON_LITERAL_NULL_CONVERSION = YES;
				CLANG_WARN_OBJC_IMPLICIT_RETAIN_SELF = YES;
				CLANG_WARN_OBJC_LITERAL_CONVERSION = YES;
				CLANG_WARN_OBJC_ROOT_CLASS = YES_ERROR;
				CLANG_WARN_RANGE_LOOP_ANALYSIS = YES;
				CLANG_WARN_STRICT_PROTOTYPES = YES;
				CLANG_WARN_SUSPICIOUS_MOVE = YES;
				CLANG_WARN_UNREACHABLE_CODE = YES;
				CLANG_WARN__DUPLICATE_METHOD_MATCH = YES;
				"CODE_SIGN_IDENTITY[sdk=iphoneos*]" = "iPhone Developer";
				COPY_PHASE_STRIP = NO;
				CURRENT_PROJECT_VERSION = 1;
				DEBUG_INFORMATION_FORMAT = "dwarf-with-dsym";
				ENABLE_NS_ASSERTIONS = NO;
				ENABLE_STRICT_OBJC_MSGSEND = YES;
				GCC_C_LANGUAGE_STANDARD = gnu99;
				GCC_NO_COMMON_BLOCKS = YES;
				GCC_WARN_64_TO_32_BIT_CONVERSION = YES;
				GCC_WARN_ABOUT_RETURN_TYPE = YES_ERROR;
				GCC_WARN_UNDECLARED_SELECTOR = YES;
				GCC_WARN_UNINITIALIZED_AUTOS = YES_AGGRESSIVE;
				GCC_WARN_UNUSED_FUNCTION = YES;
				GCC_WARN_UNUSED_VARIABLE = YES;
				IPHONEOS_DEPLOYMENT_TARGET = 10.3;
				MTL_ENABLE_DEBUG_INFO = NO;
				SDKROOT = iphoneos;
				SWIFT_OPTIMIZATION_LEVEL = "-Owholemodule";
				TARGETED_DEVICE_FAMILY = "1,2";
				VALIDATE_PRODUCT = YES;
				VERSIONING_SYSTEM = "apple-generic";
				VERSION_INFO_PREFIX = "";
			};
			name = Release;
		};
		EE2E7B861EDAA44200F78882 /* Debug */ = {
			isa = XCBuildConfiguration;
			buildSettings = {
				CLANG_ENABLE_MODULES = YES;
				CODE_SIGN_IDENTITY = "";
				DEFINES_MODULE = YES;
				DEVELOPMENT_TEAM = 3Y898X53X4;
				DYLIB_COMPATIBILITY_VERSION = 1;
				DYLIB_CURRENT_VERSION = 1;
				DYLIB_INSTALL_NAME_BASE = "@rpath";
				INFOPLIST_FILE = CCMusicScoreModule/Info.plist;
				INSTALL_PATH = "$(LOCAL_LIBRARY_DIR)/Frameworks";
				LD_RUNPATH_SEARCH_PATHS = "$(inherited) @executable_path/Frameworks @loader_path/Frameworks";
				PRODUCT_BUNDLE_IDENTIFIER = com.kytzu.CCMusicScoreModule;
				PRODUCT_NAME = "$(TARGET_NAME)";
				SKIP_INSTALL = YES;
				SWIFT_OPTIMIZATION_LEVEL = "-Onone";
				SWIFT_SWIFT3_OBJC_INFERENCE = Default;
				SWIFT_VERSION = 4.2;
			};
			name = Debug;
		};
		EE2E7B871EDAA44200F78882 /* Release */ = {
			isa = XCBuildConfiguration;
			buildSettings = {
				CLANG_ENABLE_MODULES = YES;
				CODE_SIGN_IDENTITY = "";
				DEFINES_MODULE = YES;
				DEVELOPMENT_TEAM = 3Y898X53X4;
				DYLIB_COMPATIBILITY_VERSION = 1;
				DYLIB_CURRENT_VERSION = 1;
				DYLIB_INSTALL_NAME_BASE = "@rpath";
				INFOPLIST_FILE = CCMusicScoreModule/Info.plist;
				INSTALL_PATH = "$(LOCAL_LIBRARY_DIR)/Frameworks";
				LD_RUNPATH_SEARCH_PATHS = "$(inherited) @executable_path/Frameworks @loader_path/Frameworks";
				PRODUCT_BUNDLE_IDENTIFIER = com.kytzu.CCMusicScoreModule;
				PRODUCT_NAME = "$(TARGET_NAME)";
				SKIP_INSTALL = YES;
				SWIFT_SWIFT3_OBJC_INFERENCE = Default;
				SWIFT_VERSION = 4.2;
			};
			name = Release;
		};
/* End XCBuildConfiguration section */

/* Begin XCConfigurationList section */
		EE2E7B771EDAA44200F78882 /* Build configuration list for PBXProject "CCMusicScoreModule" */ = {
			isa = XCConfigurationList;
			buildConfigurations = (
				EE2E7B831EDAA44200F78882 /* Debug */,
				EE2E7B841EDAA44200F78882 /* Release */,
			);
			defaultConfigurationIsVisible = 0;
			defaultConfigurationName = Release;
		};
		EE2E7B851EDAA44200F78882 /* Build configuration list for PBXNativeTarget "CCMusicScoreModule" */ = {
			isa = XCConfigurationList;
			buildConfigurations = (
				EE2E7B861EDAA44200F78882 /* Debug */,
				EE2E7B871EDAA44200F78882 /* Release */,
			);
			defaultConfigurationIsVisible = 0;
			defaultConfigurationName = Release;
		};
/* End XCConfigurationList section */
	};
	rootObject = EE2E7B741EDAA44200F78882 /* Project object */;
}
